// !$*UTF8*$!
{
	archiveVersion = 1;
	classes = {
	};
	objectVersion = 56;
	objects = {

/* Begin PBXBuildFile section */
		DB021F272AB0B61500969676 /* FieldTeamViewModel.swift in Sources */ = {isa = PBXBuildFile; fileRef = DB021F262AB0B61500969676 /* FieldTeamViewModel.swift */; };
		DB021F2B2AB0C70600969676 /* SelectTeamView.swift in Sources */ = {isa = PBXBuildFile; fileRef = DB021F2A2AB0C70600969676 /* SelectTeamView.swift */; };
		DB4703862AAF80BE00203A6E /* PlayerModel.swift in Sources */ = {isa = PBXBuildFile; fileRef = DB4703852AAF80BE00203A6E /* PlayerModel.swift */; };
		DB47038C2AAFD10300203A6E /* SelectPlayerView.swift in Sources */ = {isa = PBXBuildFile; fileRef = DB47038B2AAFD10300203A6E /* SelectPlayerView.swift */; };
		DB47038F2AAFD1A400203A6E /* SelectPlayerViewModel.swift in Sources */ = {isa = PBXBuildFile; fileRef = DB47038E2AAFD1A400203A6E /* SelectPlayerViewModel.swift */; };
		DBC0FEED2AAF4CBF00B8CA2B /* Fut11App.swift in Sources */ = {isa = PBXBuildFile; fileRef = DBC0FEEC2AAF4CBF00B8CA2B /* Fut11App.swift */; };
		DBC0FEEF2AAF4CBF00B8CA2B /* ContentView.swift in Sources */ = {isa = PBXBuildFile; fileRef = DBC0FEEE2AAF4CBF00B8CA2B /* ContentView.swift */; };
		DBC0FEF12AAF4CC200B8CA2B /* Assets.xcassets in Resources */ = {isa = PBXBuildFile; fileRef = DBC0FEF02AAF4CC200B8CA2B /* Assets.xcassets */; };
		DBC0FEF42AAF4CC200B8CA2B /* Preview Assets.xcassets in Resources */ = {isa = PBXBuildFile; fileRef = DBC0FEF32AAF4CC200B8CA2B /* Preview Assets.xcassets */; };
		DBC0FEFF2AAF4E2900B8CA2B /* FieldModel.swift in Sources */ = {isa = PBXBuildFile; fileRef = DBC0FEFE2AAF4E2900B8CA2B /* FieldModel.swift */; };
		DBC0FF012AAF4E7800B8CA2B /* FormationEnum.swift in Sources */ = {isa = PBXBuildFile; fileRef = DBC0FF002AAF4E7800B8CA2B /* FormationEnum.swift */; };
		DBC0FF032AAF4F0100B8CA2B /* FieldView.swift in Sources */ = {isa = PBXBuildFile; fileRef = DBC0FF022AAF4F0100B8CA2B /* FieldView.swift */; };
/* End PBXBuildFile section */

/* Begin PBXFileReference section */
		DB021F262AB0B61500969676 /* FieldTeamViewModel.swift */ = {isa = PBXFileReference; lastKnownFileType = sourcecode.swift; path = FieldTeamViewModel.swift; sourceTree = "<group>"; };
		DB021F2A2AB0C70600969676 /* SelectTeamView.swift */ = {isa = PBXFileReference; lastKnownFileType = sourcecode.swift; path = SelectTeamView.swift; sourceTree = "<group>"; };
		DB4703852AAF80BE00203A6E /* PlayerModel.swift */ = {isa = PBXFileReference; lastKnownFileType = sourcecode.swift; path = PlayerModel.swift; sourceTree = "<group>"; };
		DB47038B2AAFD10300203A6E /* SelectPlayerView.swift */ = {isa = PBXFileReference; lastKnownFileType = sourcecode.swift; path = SelectPlayerView.swift; sourceTree = "<group>"; };
		DB47038E2AAFD1A400203A6E /* SelectPlayerViewModel.swift */ = {isa = PBXFileReference; lastKnownFileType = sourcecode.swift; path = SelectPlayerViewModel.swift; sourceTree = "<group>"; };
		DBC0FEE92AAF4CBF00B8CA2B /* Fut11.app */ = {isa = PBXFileReference; explicitFileType = wrapper.application; includeInIndex = 0; path = Fut11.app; sourceTree = BUILT_PRODUCTS_DIR; };
		DBC0FEEC2AAF4CBF00B8CA2B /* Fut11App.swift */ = {isa = PBXFileReference; lastKnownFileType = sourcecode.swift; path = Fut11App.swift; sourceTree = "<group>"; };
		DBC0FEEE2AAF4CBF00B8CA2B /* ContentView.swift */ = {isa = PBXFileReference; lastKnownFileType = sourcecode.swift; path = ContentView.swift; sourceTree = "<group>"; };
		DBC0FEF02AAF4CC200B8CA2B /* Assets.xcassets */ = {isa = PBXFileReference; lastKnownFileType = folder.assetcatalog; path = Assets.xcassets; sourceTree = "<group>"; };
		DBC0FEF32AAF4CC200B8CA2B /* Preview Assets.xcassets */ = {isa = PBXFileReference; lastKnownFileType = folder.assetcatalog; path = "Preview Assets.xcassets"; sourceTree = "<group>"; };
		DBC0FEFE2AAF4E2900B8CA2B /* FieldModel.swift */ = {isa = PBXFileReference; lastKnownFileType = sourcecode.swift; path = FieldModel.swift; sourceTree = "<group>"; };
		DBC0FF002AAF4E7800B8CA2B /* FormationEnum.swift */ = {isa = PBXFileReference; lastKnownFileType = sourcecode.swift; path = FormationEnum.swift; sourceTree = "<group>"; };
		DBC0FF022AAF4F0100B8CA2B /* FieldView.swift */ = {isa = PBXFileReference; lastKnownFileType = sourcecode.swift; path = FieldView.swift; sourceTree = "<group>"; };
/* End PBXFileReference section */

/* Begin PBXFrameworksBuildPhase section */
		DBC0FEE62AAF4CBF00B8CA2B /* Frameworks */ = {
			isa = PBXFrameworksBuildPhase;
			buildActionMask = 2147483647;
			files = (
			);
			runOnlyForDeploymentPostprocessing = 0;
		};
/* End PBXFrameworksBuildPhase section */

/* Begin PBXGroup section */
		DB47038D2AAFD17400203A6E /* ViewModel */ = {
			isa = PBXGroup;
			children = (
				DB47038E2AAFD1A400203A6E /* SelectPlayerViewModel.swift */,
				DB021F262AB0B61500969676 /* FieldTeamViewModel.swift */,
			);
			path = ViewModel;
			sourceTree = "<group>";
		};
		DBC0FEE02AAF4CBF00B8CA2B = {
			isa = PBXGroup;
			children = (
				DBC0FEEB2AAF4CBF00B8CA2B /* Fut11 */,
				DBC0FEEA2AAF4CBF00B8CA2B /* Products */,
			);
			sourceTree = "<group>";
		};
		DBC0FEEA2AAF4CBF00B8CA2B /* Products */ = {
			isa = PBXGroup;
			children = (
				DBC0FEE92AAF4CBF00B8CA2B /* Fut11.app */,
			);
			name = Products;
			sourceTree = "<group>";
		};
		DBC0FEEB2AAF4CBF00B8CA2B /* Fut11 */ = {
			isa = PBXGroup;
			children = (
				DBC0FEFB2AAF4DF800B8CA2B /* Views */,
				DBC0FEFA2AAF4DF400B8CA2B /* Models */,
				DB47038D2AAFD17400203A6E /* ViewModel */,
				DBC0FEEC2AAF4CBF00B8CA2B /* Fut11App.swift */,
				DBC0FEEE2AAF4CBF00B8CA2B /* ContentView.swift */,
				DBC0FEF02AAF4CC200B8CA2B /* Assets.xcassets */,
				DBC0FEF22AAF4CC200B8CA2B /* Preview Content */,
			);
			path = Fut11;
			sourceTree = "<group>";
		};
		DBC0FEF22AAF4CC200B8CA2B /* Preview Content */ = {
			isa = PBXGroup;
			children = (
				DBC0FEF32AAF4CC200B8CA2B /* Preview Assets.xcassets */,
			);
			path = "Preview Content";
			sourceTree = "<group>";
		};
		DBC0FEFA2AAF4DF400B8CA2B /* Models */ = {
			isa = PBXGroup;
			children = (
				DBC0FEFE2AAF4E2900B8CA2B /* FieldModel.swift */,
				DBC0FF002AAF4E7800B8CA2B /* FormationEnum.swift */,
				DB4703852AAF80BE00203A6E /* PlayerModel.swift */,
			);
			path = Models;
			sourceTree = "<group>";
		};
		DBC0FEFB2AAF4DF800B8CA2B /* Views */ = {
			isa = PBXGroup;
			children = (
				DBC0FF022AAF4F0100B8CA2B /* FieldView.swift */,
				DB47038B2AAFD10300203A6E /* SelectPlayerView.swift */,
				DB021F2A2AB0C70600969676 /* SelectTeamView.swift */,
			);
			path = Views;
			sourceTree = "<group>";
		};
/* End PBXGroup section */

/* Begin PBXNativeTarget section */
		DBC0FEE82AAF4CBF00B8CA2B /* Fut11 */ = {
			isa = PBXNativeTarget;
			buildConfigurationList = DBC0FEF72AAF4CC200B8CA2B /* Build configuration list for PBXNativeTarget "Fut11" */;
			buildPhases = (
				DBC0FEE52AAF4CBF00B8CA2B /* Sources */,
				DBC0FEE62AAF4CBF00B8CA2B /* Frameworks */,
				DBC0FEE72AAF4CBF00B8CA2B /* Resources */,
			);
			buildRules = (
			);
			dependencies = (
			);
			name = Fut11;
			productName = Fut11;
			productReference = DBC0FEE92AAF4CBF00B8CA2B /* Fut11.app */;
			productType = "com.apple.product-type.application";
		};
/* End PBXNativeTarget section */

/* Begin PBXProject section */
		DBC0FEE12AAF4CBF00B8CA2B /* Project object */ = {
			isa = PBXProject;
			attributes = {
				BuildIndependentTargetsInParallel = 1;
				LastSwiftUpdateCheck = 1430;
				LastUpgradeCheck = 1430;
				TargetAttributes = {
					DBC0FEE82AAF4CBF00B8CA2B = {
						CreatedOnToolsVersion = 14.3.1;
					};
				};
			};
			buildConfigurationList = DBC0FEE42AAF4CBF00B8CA2B /* Build configuration list for PBXProject "Fut11" */;
			compatibilityVersion = "Xcode 14.0";
			developmentRegion = en;
			hasScannedForEncodings = 0;
			knownRegions = (
				en,
				Base,
			);
			mainGroup = DBC0FEE02AAF4CBF00B8CA2B;
			productRefGroup = DBC0FEEA2AAF4CBF00B8CA2B /* Products */;
			projectDirPath = "";
			projectRoot = "";
			targets = (
				DBC0FEE82AAF4CBF00B8CA2B /* Fut11 */,
			);
		};
/* End PBXProject section */

/* Begin PBXResourcesBuildPhase section */
		DBC0FEE72AAF4CBF00B8CA2B /* Resources */ = {
			isa = PBXResourcesBuildPhase;
			buildActionMask = 2147483647;
			files = (
				DBC0FEF42AAF4CC200B8CA2B /* Preview Assets.xcassets in Resources */,
				DBC0FEF12AAF4CC200B8CA2B /* Assets.xcassets in Resources */,
			);
			runOnlyForDeploymentPostprocessing = 0;
		};
/* End PBXResourcesBuildPhase section */

/* Begin PBXSourcesBuildPhase section */
		DBC0FEE52AAF4CBF00B8CA2B /* Sources */ = {
			isa = PBXSourcesBuildPhase;
			buildActionMask = 2147483647;
			files = (
				DB47038C2AAFD10300203A6E /* SelectPlayerView.swift in Sources */,
				DB021F272AB0B61500969676 /* FieldTeamViewModel.swift in Sources */,
				DB4703862AAF80BE00203A6E /* PlayerModel.swift in Sources */,
				DB021F2B2AB0C70600969676 /* SelectTeamView.swift in Sources */,
				DBC0FEFF2AAF4E2900B8CA2B /* FieldModel.swift in Sources */,
				DBC0FEEF2AAF4CBF00B8CA2B /* ContentView.swift in Sources */,
				DBC0FEED2AAF4CBF00B8CA2B /* Fut11App.swift in Sources */,
				DBC0FF012AAF4E7800B8CA2B /* FormationEnum.swift in Sources */,
				DBC0FF032AAF4F0100B8CA2B /* FieldView.swift in Sources */,
				DB47038F2AAFD1A400203A6E /* SelectPlayerViewModel.swift in Sources */,
			);
			runOnlyForDeploymentPostprocessing = 0;
		};
/* End PBXSourcesBuildPhase section */

/* Begin XCBuildConfiguration section */
		DBC0FEF52AAF4CC200B8CA2B /* Debug */ = {
			isa = XCBuildConfiguration;
			buildSettings = {
				ALWAYS_SEARCH_USER_PATHS = NO;
				CLANG_ANALYZER_NONNULL = YES;
				CLANG_ANALYZER_NUMBER_OBJECT_CONVERSION = YES_AGGRESSIVE;
				CLANG_CXX_LANGUAGE_STANDARD = "gnu++20";
				CLANG_ENABLE_MODULES = YES;
				CLANG_ENABLE_OBJC_ARC = YES;
				CLANG_ENABLE_OBJC_WEAK = YES;
				CLANG_WARN_BLOCK_CAPTURE_AUTORELEASING = YES;
				CLANG_WARN_BOOL_CONVERSION = YES;
				CLANG_WARN_COMMA = YES;
				CLANG_WARN_CONSTANT_CONVERSION = YES;
				CLANG_WARN_DEPRECATED_OBJC_IMPLEMENTATIONS = YES;
				CLANG_WARN_DIRECT_OBJC_ISA_USAGE = YES_ERROR;
				CLANG_WARN_DOCUMENTATION_COMMENTS = YES;
				CLANG_WARN_EMPTY_BODY = YES;
				CLANG_WARN_ENUM_CONVERSION = YES;
				CLANG_WARN_INFINITE_RECURSION = YES;
				CLANG_WARN_INT_CONVERSION = YES;
				CLANG_WARN_NON_LITERAL_NULL_CONVERSION = YES;
				CLANG_WARN_OBJC_IMPLICIT_RETAIN_SELF = YES;
				CLANG_WARN_OBJC_LITERAL_CONVERSION = YES;
				CLANG_WARN_OBJC_ROOT_CLASS = YES_ERROR;
				CLANG_WARN_QUOTED_INCLUDE_IN_FRAMEWORK_HEADER = YES;
				CLANG_WARN_RANGE_LOOP_ANALYSIS = YES;
				CLANG_WARN_STRICT_PROTOTYPES = YES;
				CLANG_WARN_SUSPICIOUS_MOVE = YES;
				CLANG_WARN_UNGUARDED_AVAILABILITY = YES_AGGRESSIVE;
				CLANG_WARN_UNREACHABLE_CODE = YES;
				CLANG_WARN__DUPLICATE_METHOD_MATCH = YES;
				COPY_PHASE_STRIP = NO;
				DEBUG_INFORMATION_FORMAT = dwarf;
				ENABLE_STRICT_OBJC_MSGSEND = YES;
				ENABLE_TESTABILITY = YES;
				GCC_C_LANGUAGE_STANDARD = gnu11;
				GCC_DYNAMIC_NO_PIC = NO;
				GCC_NO_COMMON_BLOCKS = YES;
				GCC_OPTIMIZATION_LEVEL = 0;
				GCC_PREPROCESSOR_DEFINITIONS = (
					"DEBUG=1",
					"$(inherited)",
				);
				GCC_WARN_64_TO_32_BIT_CONVERSION = YES;
				GCC_WARN_ABOUT_RETURN_TYPE = YES_ERROR;
				GCC_WARN_UNDECLARED_SELECTOR = YES;
				GCC_WARN_UNINITIALIZED_AUTOS = YES_AGGRESSIVE;
				GCC_WARN_UNUSED_FUNCTION = YES;
				GCC_WARN_UNUSED_VARIABLE = YES;
				IPHONEOS_DEPLOYMENT_TARGET = 16.4;
				MTL_ENABLE_DEBUG_INFO = INCLUDE_SOURCE;
				MTL_FAST_MATH = YES;
				ONLY_ACTIVE_ARCH = YES;
				SDKROOT = iphoneos;
				SWIFT_ACTIVE_COMPILATION_CONDITIONS = DEBUG;
				SWIFT_OPTIMIZATION_LEVEL = "-Onone";
			};
			name = Debug;
		};
		DBC0FEF62AAF4CC200B8CA2B /* Release */ = {
			isa = XCBuildConfiguration;
			buildSettings = {
				ALWAYS_SEARCH_USER_PATHS = NO;
				CLANG_ANALYZER_NONNULL = YES;
				CLANG_ANALYZER_NUMBER_OBJECT_CONVERSION = YES_AGGRESSIVE;
				CLANG_CXX_LANGUAGE_STANDARD = "gnu++20";
				CLANG_ENABLE_MODULES = YES;
				CLANG_ENABLE_OBJC_ARC = YES;
				CLANG_ENABLE_OBJC_WEAK = YES;
				CLANG_WARN_BLOCK_CAPTURE_AUTORELEASING = YES;
				CLANG_WARN_BOOL_CONVERSION = YES;
				CLANG_WARN_COMMA = YES;
				CLANG_WARN_CONSTANT_CONVERSION = YES;
				CLANG_WARN_DEPRECATED_OBJC_IMPLEMENTATIONS = YES;
				CLANG_WARN_DIRECT_OBJC_ISA_USAGE = YES_ERROR;
				CLANG_WARN_DOCUMENTATION_COMMENTS = YES;
				CLANG_WARN_EMPTY_BODY = YES;
				CLANG_WARN_ENUM_CONVERSION = YES;
				CLANG_WARN_INFINITE_RECURSION = YES;
				CLANG_WARN_INT_CONVERSION = YES;
				CLANG_WARN_NON_LITERAL_NULL_CONVERSION = YES;
				CLANG_WARN_OBJC_IMPLICIT_RETAIN_SELF = YES;
				CLANG_WARN_OBJC_LITERAL_CONVERSION = YES;
				CLANG_WARN_OBJC_ROOT_CLASS = YES_ERROR;
				CLANG_WARN_QUOTED_INCLUDE_IN_FRAMEWORK_HEADER = YES;
				CLANG_WARN_RANGE_LOOP_ANALYSIS = YES;
				CLANG_WARN_STRICT_PROTOTYPES = YES;
				CLANG_WARN_SUSPICIOUS_MOVE = YES;
				CLANG_WARN_UNGUARDED_AVAILABILITY = YES_AGGRESSIVE;
				CLANG_WARN_UNREACHABLE_CODE = YES;
				CLANG_WARN__DUPLICATE_METHOD_MATCH = YES;
				COPY_PHASE_STRIP = NO;
				DEBUG_INFORMATION_FORMAT = "dwarf-with-dsym";
				ENABLE_NS_ASSERTIONS = NO;
				ENABLE_STRICT_OBJC_MSGSEND = YES;
				GCC_C_LANGUAGE_STANDARD = gnu11;
				GCC_NO_COMMON_BLOCKS = YES;
				GCC_WARN_64_TO_32_BIT_CONVERSION = YES;
				GCC_WARN_ABOUT_RETURN_TYPE = YES_ERROR;
				GCC_WARN_UNDECLARED_SELECTOR = YES;
				GCC_WARN_UNINITIALIZED_AUTOS = YES_AGGRESSIVE;
				GCC_WARN_UNUSED_FUNCTION = YES;
				GCC_WARN_UNUSED_VARIABLE = YES;
				IPHONEOS_DEPLOYMENT_TARGET = 16.4;
				MTL_ENABLE_DEBUG_INFO = NO;
				MTL_FAST_MATH = YES;
				SDKROOT = iphoneos;
				SWIFT_COMPILATION_MODE = wholemodule;
				SWIFT_OPTIMIZATION_LEVEL = "-O";
				VALIDATE_PRODUCT = YES;
			};
			name = Release;
		};
		DBC0FEF82AAF4CC200B8CA2B /* Debug */ = {
			isa = XCBuildConfiguration;
			buildSettings = {
				ASSETCATALOG_COMPILER_APPICON_NAME = AppIcon;
				ASSETCATALOG_COMPILER_GLOBAL_ACCENT_COLOR_NAME = AccentColor;
				CODE_SIGN_STYLE = Automatic;
				CURRENT_PROJECT_VERSION = 1;
				DEVELOPMENT_ASSET_PATHS = "\"Fut11/Preview Content\"";
				ENABLE_PREVIEWS = YES;
				GENERATE_INFOPLIST_FILE = YES;
				INFOPLIST_KEY_CFBundleDisplayName = "Fut 11";
				INFOPLIST_KEY_LSApplicationCategoryType = "public.app-category.sports";
				INFOPLIST_KEY_UIApplicationSceneManifest_Generation = YES;
				INFOPLIST_KEY_UIApplicationSupportsIndirectInputEvents = YES;
				INFOPLIST_KEY_UILaunchScreen_Generation = YES;
				INFOPLIST_KEY_UISupportedInterfaceOrientations = "UIInterfaceOrientationLandscapeLeft UIInterfaceOrientationPortrait";
				INFOPLIST_KEY_UISupportedInterfaceOrientations_iPad = UIInterfaceOrientationPortrait;
				IPHONEOS_DEPLOYMENT_TARGET = 16.0;
				LD_RUNPATH_SEARCH_PATHS = (
					"$(inherited)",
					"@executable_path/Frameworks",
				);
				MARKETING_VERSION = 1.0;
				PRODUCT_BUNDLE_IDENTIFIER = com.iamlipe.Fut11;
				PRODUCT_NAME = "$(TARGET_NAME)";
				SUPPORTED_PLATFORMS = "iphoneos iphonesimulator";
				SUPPORTS_MACCATALYST = NO;
				SUPPORTS_MAC_DESIGNED_FOR_IPHONE_IPAD = NO;
				SWIFT_EMIT_LOC_STRINGS = YES;
				SWIFT_VERSION = 5.0;
				TARGETED_DEVICE_FAMILY = "1,2";
			};
			name = Debug;
		};
		DBC0FEF92AAF4CC200B8CA2B /* Release */ = {
			isa = XCBuildConfiguration;
			buildSettings = {
				ASSETCATALOG_COMPILER_APPICON_NAME = AppIcon;
				ASSETCATALOG_COMPILER_GLOBAL_ACCENT_COLOR_NAME = AccentColor;
				CODE_SIGN_STYLE = Automatic;
				CURRENT_PROJECT_VERSION = 1;
				DEVELOPMENT_ASSET_PATHS = "\"Fut11/Preview Content\"";
				ENABLE_PREVIEWS = YES;
				GENERATE_INFOPLIST_FILE = YES;
				INFOPLIST_KEY_CFBundleDisplayName = "Fut 11";
				INFOPLIST_KEY_LSApplicationCategoryType = "public.app-category.sports";
				INFOPLIST_KEY_UIApplicationSceneManifest_Generation = YES;
				INFOPLIST_KEY_UIApplicationSupportsIndirectInputEvents = YES;
				INFOPLIST_KEY_UILaunchScreen_Generation = YES;
				INFOPLIST_KEY_UISupportedInterfaceOrientations = "UIInterfaceOrientationLandscapeLeft UIInterfaceOrientationPortrait";
				INFOPLIST_KEY_UISupportedInterfaceOrientations_iPad = UIInterfaceOrientationPortrait;
				IPHONEOS_DEPLOYMENT_TARGET = 16.0;
				LD_RUNPATH_SEARCH_PATHS = (
					"$(inherited)",
					"@executable_path/Frameworks",
				);
				MARKETING_VERSION = 1.0;
				PRODUCT_BUNDLE_IDENTIFIER = com.iamlipe.Fut11;
				PRODUCT_NAME = "$(TARGET_NAME)";
				SUPPORTED_PLATFORMS = "iphoneos iphonesimulator";
				SUPPORTS_MACCATALYST = NO;
				SUPPORTS_MAC_DESIGNED_FOR_IPHONE_IPAD = NO;
				SWIFT_EMIT_LOC_STRINGS = YES;
				SWIFT_VERSION = 5.0;
				TARGETED_DEVICE_FAMILY = "1,2";
			};
			name = Release;
		};
/* End XCBuildConfiguration section */

/* Begin XCConfigurationList section */
		DBC0FEE42AAF4CBF00B8CA2B /* Build configuration list for PBXProject "Fut11" */ = {
			isa = XCConfigurationList;
			buildConfigurations = (
				DBC0FEF52AAF4CC200B8CA2B /* Debug */,
				DBC0FEF62AAF4CC200B8CA2B /* Release */,
			);
			defaultConfigurationIsVisible = 0;
			defaultConfigurationName = Release;
		};
		DBC0FEF72AAF4CC200B8CA2B /* Build configuration list for PBXNativeTarget "Fut11" */ = {
			isa = XCConfigurationList;
			buildConfigurations = (
				DBC0FEF82AAF4CC200B8CA2B /* Debug */,
				DBC0FEF92AAF4CC200B8CA2B /* Release */,
			);
			defaultConfigurationIsVisible = 0;
			defaultConfigurationName = Release;
		};
/* End XCConfigurationList section */
	};
	rootObject = DBC0FEE12AAF4CBF00B8CA2B /* Project object */;
}
